
Microsoft Visual Studio Solution File, Format Version 12.00
# Visual Studio Version 17
VisualStudioVersion = 17.7.34018.315
MinimumVisualStudioVersion = 10.0.40219.1
Project("{FAE04EC0-301F-11D3-BF4B-00C04F79EFBC}") = "StringValidation", "StringValidation\StringValidation.csproj", "{1745BB8B-3529-4219-A6F5-7D8106F12D51}"
EndProject
Global
	GlobalSection(SolutionConfigurationPlatforms) = preSolution
		Debug|Any CPU = Debug|Any CPU
		Release|Any CPU = Release|Any CPU
	EndGlobalSection
	GlobalSection(ProjectConfigurationPlatforms) = postSolution
		{1745BB8B-3529-4219-A6F5-7D8106F12D51}.Debug|Any CPU.ActiveCfg = Debug|Any CPU
		{1745BB8B-3529-4219-A6F5-7D8106F12D51}.Debug|Any CPU.Build.0 = Debug|Any CPU
		{1745BB8B-3529-4219-A6F5-7D8106F12D51}.Release|Any CPU.ActiveCfg = Release|Any CPU
		{1745BB8B-3529-4219-A6F5-7D8106F12D51}.Release|Any CPU.Build.0 = Release|Any CPU
	EndGlobalSection
	GlobalSection(SolutionProperties) = preSolution
		HideSolutionNode = FALSE
	EndGlobalSection
	GlobalSection(ExtensibilityGlobals) = postSolution
		SolutionGuid = {2D371831-5B0B-474D-AE4C-FA830782431E}
	EndGlobalSection
EndGlobal
